# This file is @generated by PDM.
# It is not intended for manual editing.

[metadata]
groups = ["default"]
strategy = ["inherit_metadata"]
lock_version = "4.5.0"
content_hash = "sha256:8fc86929fb9c66339c06377ec70d9bdbd9651b5aaf70085e401fa65a17fcc11e"

[[metadata.targets]]
requires_python = "==3.11.*"
